
Microsoft Visual Studio Solution File, Format Version 12.00
# Visual Studio Version 17
VisualStudioVersion = 17.14.36518.9 d17.14
MinimumVisualStudioVersion = 10.0.40219.1
Project("{FAE04EC0-301F-11D3-BF4B-00C04F79EFBC}") = "10-Access Modifiers,Encupsulation,NameSpace", "10-Access Modifiers,Encupsulation,NameSpace.csproj", "{E4006F50-38CB-4AE4-B5C7-A8DA99AFD576}"
EndProject
Global
	GlobalSection(SolutionConfigurationPlatforms) = preSolution
		Debug|Any CPU = Debug|Any CPU
		Release|Any CPU = Release|Any CPU
	EndGlobalSection
	GlobalSection(ProjectConfigurationPlatforms) = postSolution
		{E4006F50-38CB-4AE4-B5C7-A8DA99AFD576}.Debug|Any CPU.ActiveCfg = Debug|Any CPU
		{E4006F50-38CB-4AE4-B5C7-A8DA99AFD576}.Debug|Any CPU.Build.0 = Debug|Any CPU
		{E4006F50-38CB-4AE4-B5C7-A8DA99AFD576}.Release|Any CPU.ActiveCfg = Release|Any CPU
		{E4006F50-38CB-4AE4-B5C7-A8DA99AFD576}.Release|Any CPU.Build.0 = Release|Any CPU
	EndGlobalSection
	GlobalSection(SolutionProperties) = preSolution
		HideSolutionNode = FALSE
	EndGlobalSection
	GlobalSection(ExtensibilityGlobals) = postSolution
		SolutionGuid = {80E5BA1B-9105-47FA-BB6B-20E2A4EF92C3}
	EndGlobalSection
EndGlobal
