
Microsoft Visual Studio Solution File, Format Version 12.00
# Visual Studio Version 17
VisualStudioVersion = 17.13.35931.197 d17.13
MinimumVisualStudioVersion = 10.0.40219.1
<<<<<<<< HEAD:06-C# IntroMethods/06-C# IntroMethods.sln
Project("{FAE04EC0-301F-11D3-BF4B-00C04F79EFBC}") = "06-C# IntroMethods", "06-C# IntroMethods\06-C# IntroMethods.csproj", "{F716FCB7-0FF9-4952-B146-257E88DB25E2}"
========
Project("{FAE04EC0-301F-11D3-BF4B-00C04F79EFBC}") = "07-HeapStackRefOutArrayResize", "07-HeapStackRefOutArrayResize.csproj", "{4EA6864A-4AF6-4B85-ACF0-BCF35B021FD3}"
>>>>>>>> 0932ec2 (Methods):07-HeapStackRefOutArrayResize/07-HeapStackRefOutArrayResize.sln
EndProject
Global
	GlobalSection(SolutionConfigurationPlatforms) = preSolution
		Debug|Any CPU = Debug|Any CPU
		Release|Any CPU = Release|Any CPU
	EndGlobalSection
	GlobalSection(ProjectConfigurationPlatforms) = postSolution
<<<<<<<< HEAD:06-C# IntroMethods/06-C# IntroMethods.sln
		{F716FCB7-0FF9-4952-B146-257E88DB25E2}.Debug|Any CPU.ActiveCfg = Debug|Any CPU
		{F716FCB7-0FF9-4952-B146-257E88DB25E2}.Debug|Any CPU.Build.0 = Debug|Any CPU
		{F716FCB7-0FF9-4952-B146-257E88DB25E2}.Release|Any CPU.ActiveCfg = Release|Any CPU
		{F716FCB7-0FF9-4952-B146-257E88DB25E2}.Release|Any CPU.Build.0 = Release|Any CPU
========
		{4EA6864A-4AF6-4B85-ACF0-BCF35B021FD3}.Debug|Any CPU.ActiveCfg = Debug|Any CPU
		{4EA6864A-4AF6-4B85-ACF0-BCF35B021FD3}.Debug|Any CPU.Build.0 = Debug|Any CPU
		{4EA6864A-4AF6-4B85-ACF0-BCF35B021FD3}.Release|Any CPU.ActiveCfg = Release|Any CPU
		{4EA6864A-4AF6-4B85-ACF0-BCF35B021FD3}.Release|Any CPU.Build.0 = Release|Any CPU
>>>>>>>> 0932ec2 (Methods):07-HeapStackRefOutArrayResize/07-HeapStackRefOutArrayResize.sln
	EndGlobalSection
	GlobalSection(SolutionProperties) = preSolution
		HideSolutionNode = FALSE
	EndGlobalSection
	GlobalSection(ExtensibilityGlobals) = postSolution
<<<<<<<< HEAD:06-C# IntroMethods/06-C# IntroMethods.sln
		SolutionGuid = {A9D8E0AC-A27A-4C2C-A451-431BE2D7E92E}
========
		SolutionGuid = {A32ECEB2-1AE9-490D-8412-D24A330227D6}
>>>>>>>> 0932ec2 (Methods):07-HeapStackRefOutArrayResize/07-HeapStackRefOutArrayResize.sln
	EndGlobalSection
EndGlobal
